// !$*UTF8*$!
{
	archiveVersion = 1;
	classes = {
	};
	objectVersion = 50;
	objects = {

/* Begin PBXBuildFile section */
		9EFF7B182418CCA200A3A868 /* AppDelegate.swift in Sources */ = {isa = PBXBuildFile; fileRef = 9EFF7B172418CCA200A3A868 /* AppDelegate.swift */; };
		9EFF7B1A2418CCA200A3A868 /* SceneDelegate.swift in Sources */ = {isa = PBXBuildFile; fileRef = 9EFF7B192418CCA200A3A868 /* SceneDelegate.swift */; };
		9EFF7B1C2418CCA200A3A868 /* HomeView.swift in Sources */ = {isa = PBXBuildFile; fileRef = 9EFF7B1B2418CCA200A3A868 /* HomeView.swift */; };
		9EFF7B1E2418CCA200A3A868 /* Assets.xcassets in Resources */ = {isa = PBXBuildFile; fileRef = 9EFF7B1D2418CCA200A3A868 /* Assets.xcassets */; };
		9EFF7B212418CCA200A3A868 /* Preview Assets.xcassets in Resources */ = {isa = PBXBuildFile; fileRef = 9EFF7B202418CCA200A3A868 /* Preview Assets.xcassets */; };
		9EFF7B242418CCA300A3A868 /* LaunchScreen.storyboard in Resources */ = {isa = PBXBuildFile; fileRef = 9EFF7B222418CCA300A3A868 /* LaunchScreen.storyboard */; };
		9EFF7B2F2418CCA300A3A868 /* ConvenienceTests.swift in Sources */ = {isa = PBXBuildFile; fileRef = 9EFF7B2E2418CCA300A3A868 /* ConvenienceTests.swift */; };
		9EFF7B3A2418CCA300A3A868 /* ConvenienceUITests.swift in Sources */ = {isa = PBXBuildFile; fileRef = 9EFF7B392418CCA300A3A868 /* ConvenienceUITests.swift */; };
		9EFF7B4A2418D63A00A3A868 /* MapView.swift in Sources */ = {isa = PBXBuildFile; fileRef = 9EFF7B492418D63A00A3A868 /* MapView.swift */; };
		9EFF7B4D2418E99800A3A868 /* Location.swift in Sources */ = {isa = PBXBuildFile; fileRef = 9EFF7B4C2418E99800A3A868 /* Location.swift */; };
		9EFF7B4F2418EA7300A3A868 /* AppData.swift in Sources */ = {isa = PBXBuildFile; fileRef = 9EFF7B4E2418EA7300A3A868 /* AppData.swift */; };
		9EFF7B512418EB3E00A3A868 /* LocationManager.swift in Sources */ = {isa = PBXBuildFile; fileRef = 9EFF7B502418EB3E00A3A868 /* LocationManager.swift */; };
		9EFF7BCD24191BA200A3A868 /* LocationManagerView.swift in Sources */ = {isa = PBXBuildFile; fileRef = 9EFF7BCC24191BA200A3A868 /* LocationManagerView.swift */; };
/* End PBXBuildFile section */

/* Begin PBXContainerItemProxy section */
		9EFF7B2B2418CCA300A3A868 /* PBXContainerItemProxy */ = {
			isa = PBXContainerItemProxy;
			containerPortal = 9EFF7B0C2418CCA200A3A868 /* Project object */;
			proxyType = 1;
			remoteGlobalIDString = 9EFF7B132418CCA200A3A868;
			remoteInfo = Convenience;
		};
		9EFF7B362418CCA300A3A868 /* PBXContainerItemProxy */ = {
			isa = PBXContainerItemProxy;
			containerPortal = 9EFF7B0C2418CCA200A3A868 /* Project object */;
			proxyType = 1;
			remoteGlobalIDString = 9EFF7B132418CCA200A3A868;
			remoteInfo = Convenience;
		};
/* End PBXContainerItemProxy section */

/* Begin PBXFileReference section */
		9EFF7B142418CCA200A3A868 /* Convenience.app */ = {isa = PBXFileReference; explicitFileType = wrapper.application; includeInIndex = 0; path = Convenience.app; sourceTree = BUILT_PRODUCTS_DIR; };
		9EFF7B172418CCA200A3A868 /* AppDelegate.swift */ = {isa = PBXFileReference; lastKnownFileType = sourcecode.swift; path = AppDelegate.swift; sourceTree = "<group>"; };
		9EFF7B192418CCA200A3A868 /* SceneDelegate.swift */ = {isa = PBXFileReference; lastKnownFileType = sourcecode.swift; path = SceneDelegate.swift; sourceTree = "<group>"; };
		9EFF7B1B2418CCA200A3A868 /* HomeView.swift */ = {isa = PBXFileReference; lastKnownFileType = sourcecode.swift; path = HomeView.swift; sourceTree = "<group>"; };
		9EFF7B1D2418CCA200A3A868 /* Assets.xcassets */ = {isa = PBXFileReference; lastKnownFileType = folder.assetcatalog; path = Assets.xcassets; sourceTree = "<group>"; };
		9EFF7B202418CCA200A3A868 /* Preview Assets.xcassets */ = {isa = PBXFileReference; lastKnownFileType = folder.assetcatalog; path = "Preview Assets.xcassets"; sourceTree = "<group>"; };
		9EFF7B232418CCA300A3A868 /* Base */ = {isa = PBXFileReference; lastKnownFileType = file.storyboard; name = Base; path = Base.lproj/LaunchScreen.storyboard; sourceTree = "<group>"; };
		9EFF7B252418CCA300A3A868 /* Info.plist */ = {isa = PBXFileReference; lastKnownFileType = text.plist.xml; path = Info.plist; sourceTree = "<group>"; };
		9EFF7B2A2418CCA300A3A868 /* ConvenienceTests.xctest */ = {isa = PBXFileReference; explicitFileType = wrapper.cfbundle; includeInIndex = 0; path = ConvenienceTests.xctest; sourceTree = BUILT_PRODUCTS_DIR; };
		9EFF7B2E2418CCA300A3A868 /* ConvenienceTests.swift */ = {isa = PBXFileReference; lastKnownFileType = sourcecode.swift; path = ConvenienceTests.swift; sourceTree = "<group>"; };
		9EFF7B302418CCA300A3A868 /* Info.plist */ = {isa = PBXFileReference; lastKnownFileType = text.plist.xml; path = Info.plist; sourceTree = "<group>"; };
		9EFF7B352418CCA300A3A868 /* ConvenienceUITests.xctest */ = {isa = PBXFileReference; explicitFileType = wrapper.cfbundle; includeInIndex = 0; path = ConvenienceUITests.xctest; sourceTree = BUILT_PRODUCTS_DIR; };
		9EFF7B392418CCA300A3A868 /* ConvenienceUITests.swift */ = {isa = PBXFileReference; lastKnownFileType = sourcecode.swift; path = ConvenienceUITests.swift; sourceTree = "<group>"; };
		9EFF7B3B2418CCA300A3A868 /* Info.plist */ = {isa = PBXFileReference; lastKnownFileType = text.plist.xml; path = Info.plist; sourceTree = "<group>"; };
		9EFF7B492418D63A00A3A868 /* MapView.swift */ = {isa = PBXFileReference; lastKnownFileType = sourcecode.swift; path = MapView.swift; sourceTree = "<group>"; };
		9EFF7B4C2418E99800A3A868 /* Location.swift */ = {isa = PBXFileReference; lastKnownFileType = sourcecode.swift; path = Location.swift; sourceTree = "<group>"; };
		9EFF7B4E2418EA7300A3A868 /* AppData.swift */ = {isa = PBXFileReference; lastKnownFileType = sourcecode.swift; path = AppData.swift; sourceTree = "<group>"; };
		9EFF7B502418EB3E00A3A868 /* LocationManager.swift */ = {isa = PBXFileReference; lastKnownFileType = sourcecode.swift; path = LocationManager.swift; sourceTree = "<group>"; };
		9EFF7BCC24191BA200A3A868 /* LocationManagerView.swift */ = {isa = PBXFileReference; lastKnownFileType = sourcecode.swift; path = LocationManagerView.swift; sourceTree = "<group>"; };
/* End PBXFileReference section */

/* Begin PBXFrameworksBuildPhase section */
		9EFF7B112418CCA200A3A868 /* Frameworks */ = {
			isa = PBXFrameworksBuildPhase;
			buildActionMask = 2147483647;
			files = (
			);
			runOnlyForDeploymentPostprocessing = 0;
		};
		9EFF7B272418CCA300A3A868 /* Frameworks */ = {
			isa = PBXFrameworksBuildPhase;
			buildActionMask = 2147483647;
			files = (
			);
			runOnlyForDeploymentPostprocessing = 0;
		};
		9EFF7B322418CCA300A3A868 /* Frameworks */ = {
			isa = PBXFrameworksBuildPhase;
			buildActionMask = 2147483647;
			files = (
			);
			runOnlyForDeploymentPostprocessing = 0;
		};
/* End PBXFrameworksBuildPhase section */

/* Begin PBXGroup section */
		9EFF7B0B2418CCA200A3A868 = {
			isa = PBXGroup;
			children = (
				9EFF7B162418CCA200A3A868 /* Convenience */,
				9EFF7B2D2418CCA300A3A868 /* ConvenienceTests */,
				9EFF7B382418CCA300A3A868 /* ConvenienceUITests */,
				9EFF7B152418CCA200A3A868 /* Products */,
			);
			sourceTree = "<group>";
		};
		9EFF7B152418CCA200A3A868 /* Products */ = {
			isa = PBXGroup;
			children = (
				9EFF7B142418CCA200A3A868 /* Convenience.app */,
				9EFF7B2A2418CCA300A3A868 /* ConvenienceTests.xctest */,
				9EFF7B352418CCA300A3A868 /* ConvenienceUITests.xctest */,
			);
			name = Products;
			sourceTree = "<group>";
		};
		9EFF7B162418CCA200A3A868 /* Convenience */ = {
			isa = PBXGroup;
			children = (
				9EFF7B4B2418E97600A3A868 /* Supporting */,
				9EFF7B482418D61D00A3A868 /* SupportingViews */,
				9EFF7B472418D52900A3A868 /* Model */,
				9EFF7B172418CCA200A3A868 /* AppDelegate.swift */,
				9EFF7B192418CCA200A3A868 /* SceneDelegate.swift */,
				9EFF7B1B2418CCA200A3A868 /* HomeView.swift */,
				9EFF7B4E2418EA7300A3A868 /* AppData.swift */,
				9EFF7B1D2418CCA200A3A868 /* Assets.xcassets */,
				9EFF7B222418CCA300A3A868 /* LaunchScreen.storyboard */,
				9EFF7B252418CCA300A3A868 /* Info.plist */,
				9EFF7B1F2418CCA200A3A868 /* Preview Content */,
			);
			path = Convenience;
			sourceTree = "<group>";
		};
		9EFF7B1F2418CCA200A3A868 /* Preview Content */ = {
			isa = PBXGroup;
			children = (
				9EFF7B202418CCA200A3A868 /* Preview Assets.xcassets */,
			);
			path = "Preview Content";
			sourceTree = "<group>";
		};
		9EFF7B2D2418CCA300A3A868 /* ConvenienceTests */ = {
			isa = PBXGroup;
			children = (
				9EFF7B2E2418CCA300A3A868 /* ConvenienceTests.swift */,
				9EFF7B302418CCA300A3A868 /* Info.plist */,
			);
			path = ConvenienceTests;
			sourceTree = "<group>";
		};
		9EFF7B382418CCA300A3A868 /* ConvenienceUITests */ = {
			isa = PBXGroup;
			children = (
				9EFF7B392418CCA300A3A868 /* ConvenienceUITests.swift */,
				9EFF7B3B2418CCA300A3A868 /* Info.plist */,
			);
			path = ConvenienceUITests;
			sourceTree = "<group>";
		};
		9EFF7B472418D52900A3A868 /* Model */ = {
			isa = PBXGroup;
			children = (
			);
			path = Model;
			sourceTree = "<group>";
		};
		9EFF7B482418D61D00A3A868 /* SupportingViews */ = {
			isa = PBXGroup;
			children = (
				9EFF7B492418D63A00A3A868 /* MapView.swift */,
			);
			path = SupportingViews;
			sourceTree = "<group>";
		};
		9EFF7B4B2418E97600A3A868 /* Supporting */ = {
			isa = PBXGroup;
			children = (
				9EFF7B4C2418E99800A3A868 /* Location.swift */,
				9EFF7B502418EB3E00A3A868 /* LocationManager.swift */,
				9EFF7BCC24191BA200A3A868 /* LocationManagerView.swift */,
			);
			path = Supporting;
			sourceTree = "<group>";
		};
/* End PBXGroup section */

/* Begin PBXNativeTarget section */
		9EFF7B132418CCA200A3A868 /* Convenience */ = {
			isa = PBXNativeTarget;
			buildConfigurationList = 9EFF7B3E2418CCA300A3A868 /* Build configuration list for PBXNativeTarget "Convenience" */;
			buildPhases = (
				9EFF7B102418CCA200A3A868 /* Sources */,
				9EFF7B112418CCA200A3A868 /* Frameworks */,
				9EFF7B122418CCA200A3A868 /* Resources */,
			);
			buildRules = (
			);
			dependencies = (
			);
			name = Convenience;
			productName = Convenience;
			productReference = 9EFF7B142418CCA200A3A868 /* Convenience.app */;
			productType = "com.apple.product-type.application";
		};
		9EFF7B292418CCA300A3A868 /* ConvenienceTests */ = {
			isa = PBXNativeTarget;
			buildConfigurationList = 9EFF7B412418CCA300A3A868 /* Build configuration list for PBXNativeTarget "ConvenienceTests" */;
			buildPhases = (
				9EFF7B262418CCA300A3A868 /* Sources */,
				9EFF7B272418CCA300A3A868 /* Frameworks */,
				9EFF7B282418CCA300A3A868 /* Resources */,
			);
			buildRules = (
			);
			dependencies = (
				9EFF7B2C2418CCA300A3A868 /* PBXTargetDependency */,
			);
			name = ConvenienceTests;
			productName = ConvenienceTests;
			productReference = 9EFF7B2A2418CCA300A3A868 /* ConvenienceTests.xctest */;
			productType = "com.apple.product-type.bundle.unit-test";
		};
		9EFF7B342418CCA300A3A868 /* ConvenienceUITests */ = {
			isa = PBXNativeTarget;
			buildConfigurationList = 9EFF7B442418CCA300A3A868 /* Build configuration list for PBXNativeTarget "ConvenienceUITests" */;
			buildPhases = (
				9EFF7B312418CCA300A3A868 /* Sources */,
				9EFF7B322418CCA300A3A868 /* Frameworks */,
				9EFF7B332418CCA300A3A868 /* Resources */,
			);
			buildRules = (
			);
			dependencies = (
				9EFF7B372418CCA300A3A868 /* PBXTargetDependency */,
			);
			name = ConvenienceUITests;
			productName = ConvenienceUITests;
			productReference = 9EFF7B352418CCA300A3A868 /* ConvenienceUITests.xctest */;
			productType = "com.apple.product-type.bundle.ui-testing";
		};
/* End PBXNativeTarget section */

/* Begin PBXProject section */
		9EFF7B0C2418CCA200A3A868 /* Project object */ = {
			isa = PBXProject;
			attributes = {
				LastSwiftUpdateCheck = 1130;
				LastUpgradeCheck = 1130;
				ORGANIZATIONNAME = "Ajioka Fumito";
				TargetAttributes = {
					9EFF7B132418CCA200A3A868 = {
						CreatedOnToolsVersion = 11.3.1;
					};
					9EFF7B292418CCA300A3A868 = {
						CreatedOnToolsVersion = 11.3.1;
						TestTargetID = 9EFF7B132418CCA200A3A868;
					};
					9EFF7B342418CCA300A3A868 = {
						CreatedOnToolsVersion = 11.3.1;
						TestTargetID = 9EFF7B132418CCA200A3A868;
					};
				};
			};
			buildConfigurationList = 9EFF7B0F2418CCA200A3A868 /* Build configuration list for PBXProject "Convenience" */;
			compatibilityVersion = "Xcode 9.3";
			developmentRegion = en;
			hasScannedForEncodings = 0;
			knownRegions = (
				en,
				Base,
			);
			mainGroup = 9EFF7B0B2418CCA200A3A868;
			productRefGroup = 9EFF7B152418CCA200A3A868 /* Products */;
			projectDirPath = "";
			projectRoot = "";
			targets = (
				9EFF7B132418CCA200A3A868 /* Convenience */,
				9EFF7B292418CCA300A3A868 /* ConvenienceTests */,
				9EFF7B342418CCA300A3A868 /* ConvenienceUITests */,
			);
		};
/* End PBXProject section */

/* Begin PBXResourcesBuildPhase section */
		9EFF7B122418CCA200A3A868 /* Resources */ = {
			isa = PBXResourcesBuildPhase;
			buildActionMask = 2147483647;
			files = (
				9EFF7B242418CCA300A3A868 /* LaunchScreen.storyboard in Resources */,
				9EFF7B212418CCA200A3A868 /* Preview Assets.xcassets in Resources */,
				9EFF7B1E2418CCA200A3A868 /* Assets.xcassets in Resources */,
			);
			runOnlyForDeploymentPostprocessing = 0;
		};
		9EFF7B282418CCA300A3A868 /* Resources */ = {
			isa = PBXResourcesBuildPhase;
			buildActionMask = 2147483647;
			files = (
			);
			runOnlyForDeploymentPostprocessing = 0;
		};
		9EFF7B332418CCA300A3A868 /* Resources */ = {
			isa = PBXResourcesBuildPhase;
			buildActionMask = 2147483647;
			files = (
			);
			runOnlyForDeploymentPostprocessing = 0;
		};
/* End PBXResourcesBuildPhase section */

/* Begin PBXSourcesBuildPhase section */
		9EFF7B102418CCA200A3A868 /* Sources */ = {
			isa = PBXSourcesBuildPhase;
			buildActionMask = 2147483647;
			files = (
				9EFF7B182418CCA200A3A868 /* AppDelegate.swift in Sources */,
				9EFF7B4A2418D63A00A3A868 /* MapView.swift in Sources */,
				9EFF7B4D2418E99800A3A868 /* Location.swift in Sources */,
				9EFF7BCD24191BA200A3A868 /* LocationManagerView.swift in Sources */,
				9EFF7B512418EB3E00A3A868 /* LocationManager.swift in Sources */,
				9EFF7B1A2418CCA200A3A868 /* SceneDelegate.swift in Sources */,
				9EFF7B1C2418CCA200A3A868 /* HomeView.swift in Sources */,
				9EFF7B4F2418EA7300A3A868 /* AppData.swift in Sources */,
			);
			runOnlyForDeploymentPostprocessing = 0;
		};
		9EFF7B262418CCA300A3A868 /* Sources */ = {
			isa = PBXSourcesBuildPhase;
			buildActionMask = 2147483647;
			files = (
				9EFF7B2F2418CCA300A3A868 /* ConvenienceTests.swift in Sources */,
			);
			runOnlyForDeploymentPostprocessing = 0;
		};
		9EFF7B312418CCA300A3A868 /* Sources */ = {
			isa = PBXSourcesBuildPhase;
			buildActionMask = 2147483647;
			files = (
				9EFF7B3A2418CCA300A3A868 /* ConvenienceUITests.swift in Sources */,
			);
			runOnlyForDeploymentPostprocessing = 0;
		};
/* End PBXSourcesBuildPhase section */

/* Begin PBXTargetDependency section */
		9EFF7B2C2418CCA300A3A868 /* PBXTargetDependency */ = {
			isa = PBXTargetDependency;
			target = 9EFF7B132418CCA200A3A868 /* Convenience */;
			targetProxy = 9EFF7B2B2418CCA300A3A868 /* PBXContainerItemProxy */;
		};
		9EFF7B372418CCA300A3A868 /* PBXTargetDependency */ = {
			isa = PBXTargetDependency;
			target = 9EFF7B132418CCA200A3A868 /* Convenience */;
			targetProxy = 9EFF7B362418CCA300A3A868 /* PBXContainerItemProxy */;
		};
/* End PBXTargetDependency section */

/* Begin PBXVariantGroup section */
		9EFF7B222418CCA300A3A868 /* LaunchScreen.storyboard */ = {
			isa = PBXVariantGroup;
			children = (
				9EFF7B232418CCA300A3A868 /* Base */,
			);
			name = LaunchScreen.storyboard;
			sourceTree = "<group>";
		};
/* End PBXVariantGroup section */

/* Begin XCBuildConfiguration section */
		9EFF7B3C2418CCA300A3A868 /* Debug */ = {
			isa = XCBuildConfiguration;
			buildSettings = {
				ALWAYS_SEARCH_USER_PATHS = NO;
				CLANG_ANALYZER_NONNULL = YES;
				CLANG_ANALYZER_NUMBER_OBJECT_CONVERSION = YES_AGGRESSIVE;
				CLANG_CXX_LANGUAGE_STANDARD = "gnu++14";
				CLANG_CXX_LIBRARY = "libc++";
				CLANG_ENABLE_MODULES = YES;
				CLANG_ENABLE_OBJC_ARC = YES;
				CLANG_ENABLE_OBJC_WEAK = YES;
				CLANG_WARN_BLOCK_CAPTURE_AUTORELEASING = YES;
				CLANG_WARN_BOOL_CONVERSION = YES;
				CLANG_WARN_COMMA = YES;
				CLANG_WARN_CONSTANT_CONVERSION = YES;
				CLANG_WARN_DEPRECATED_OBJC_IMPLEMENTATIONS = YES;
				CLANG_WARN_DIRECT_OBJC_ISA_USAGE = YES_ERROR;
				CLANG_WARN_DOCUMENTATION_COMMENTS = YES;
				CLANG_WARN_EMPTY_BODY = YES;
				CLANG_WARN_ENUM_CONVERSION = YES;
				CLANG_WARN_INFINITE_RECURSION = YES;
				CLANG_WARN_INT_CONVERSION = YES;
				CLANG_WARN_NON_LITERAL_NULL_CONVERSION = YES;
				CLANG_WARN_OBJC_IMPLICIT_RETAIN_SELF = YES;
				CLANG_WARN_OBJC_LITERAL_CONVERSION = YES;
				CLANG_WARN_OBJC_ROOT_CLASS = YES_ERROR;
				CLANG_WARN_RANGE_LOOP_ANALYSIS = YES;
				CLANG_WARN_STRICT_PROTOTYPES = YES;
				CLANG_WARN_SUSPICIOUS_MOVE = YES;
				CLANG_WARN_UNGUARDED_AVAILABILITY = YES_AGGRESSIVE;
				CLANG_WARN_UNREACHABLE_CODE = YES;
				CLANG_WARN__DUPLICATE_METHOD_MATCH = YES;
				COPY_PHASE_STRIP = NO;
				DEBUG_INFORMATION_FORMAT = dwarf;
				ENABLE_STRICT_OBJC_MSGSEND = YES;
				ENABLE_TESTABILITY = YES;
				GCC_C_LANGUAGE_STANDARD = gnu11;
				GCC_DYNAMIC_NO_PIC = NO;
				GCC_NO_COMMON_BLOCKS = YES;
				GCC_OPTIMIZATION_LEVEL = 0;
				GCC_PREPROCESSOR_DEFINITIONS = (
					"DEBUG=1",
					"$(inherited)",
				);
				GCC_WARN_64_TO_32_BIT_CONVERSION = YES;
				GCC_WARN_ABOUT_RETURN_TYPE = YES_ERROR;
				GCC_WARN_UNDECLARED_SELECTOR = YES;
				GCC_WARN_UNINITIALIZED_AUTOS = YES_AGGRESSIVE;
				GCC_WARN_UNUSED_FUNCTION = YES;
				GCC_WARN_UNUSED_VARIABLE = YES;
				IPHONEOS_DEPLOYMENT_TARGET = 13.2;
				MTL_ENABLE_DEBUG_INFO = INCLUDE_SOURCE;
				MTL_FAST_MATH = YES;
				ONLY_ACTIVE_ARCH = YES;
				SDKROOT = iphoneos;
				SWIFT_ACTIVE_COMPILATION_CONDITIONS = DEBUG;
				SWIFT_OPTIMIZATION_LEVEL = "-Onone";
			};
			name = Debug;
		};
		9EFF7B3D2418CCA300A3A868 /* Release */ = {
			isa = XCBuildConfiguration;
			buildSettings = {
				ALWAYS_SEARCH_USER_PATHS = NO;
				CLANG_ANALYZER_NONNULL = YES;
				CLANG_ANALYZER_NUMBER_OBJECT_CONVERSION = YES_AGGRESSIVE;
				CLANG_CXX_LANGUAGE_STANDARD = "gnu++14";
				CLANG_CXX_LIBRARY = "libc++";
				CLANG_ENABLE_MODULES = YES;
				CLANG_ENABLE_OBJC_ARC = YES;
				CLANG_ENABLE_OBJC_WEAK = YES;
				CLANG_WARN_BLOCK_CAPTURE_AUTORELEASING = YES;
				CLANG_WARN_BOOL_CONVERSION = YES;
				CLANG_WARN_COMMA = YES;
				CLANG_WARN_CONSTANT_CONVERSION = YES;
				CLANG_WARN_DEPRECATED_OBJC_IMPLEMENTATIONS = YES;
				CLANG_WARN_DIRECT_OBJC_ISA_USAGE = YES_ERROR;
				CLANG_WARN_DOCUMENTATION_COMMENTS = YES;
				CLANG_WARN_EMPTY_BODY = YES;
				CLANG_WARN_ENUM_CONVERSION = YES;
				CLANG_WARN_INFINITE_RECURSION = YES;
				CLANG_WARN_INT_CONVERSION = YES;
				CLANG_WARN_NON_LITERAL_NULL_CONVERSION = YES;
				CLANG_WARN_OBJC_IMPLICIT_RETAIN_SELF = YES;
				CLANG_WARN_OBJC_LITERAL_CONVERSION = YES;
				CLANG_WARN_OBJC_ROOT_CLASS = YES_ERROR;
				CLANG_WARN_RANGE_LOOP_ANALYSIS = YES;
				CLANG_WARN_STRICT_PROTOTYPES = YES;
				CLANG_WARN_SUSPICIOUS_MOVE = YES;
				CLANG_WARN_UNGUARDED_AVAILABILITY = YES_AGGRESSIVE;
				CLANG_WARN_UNREACHABLE_CODE = YES;
				CLANG_WARN__DUPLICATE_METHOD_MATCH = YES;
				COPY_PHASE_STRIP = NO;
				DEBUG_INFORMATION_FORMAT = "dwarf-with-dsym";
				ENABLE_NS_ASSERTIONS = NO;
				ENABLE_STRICT_OBJC_MSGSEND = YES;
				GCC_C_LANGUAGE_STANDARD = gnu11;
				GCC_NO_COMMON_BLOCKS = YES;
				GCC_WARN_64_TO_32_BIT_CONVERSION = YES;
				GCC_WARN_ABOUT_RETURN_TYPE = YES_ERROR;
				GCC_WARN_UNDECLARED_SELECTOR = YES;
				GCC_WARN_UNINITIALIZED_AUTOS = YES_AGGRESSIVE;
				GCC_WARN_UNUSED_FUNCTION = YES;
				GCC_WARN_UNUSED_VARIABLE = YES;
				IPHONEOS_DEPLOYMENT_TARGET = 13.2;
				MTL_ENABLE_DEBUG_INFO = NO;
				MTL_FAST_MATH = YES;
				SDKROOT = iphoneos;
				SWIFT_COMPILATION_MODE = wholemodule;
				SWIFT_OPTIMIZATION_LEVEL = "-O";
				VALIDATE_PRODUCT = YES;
			};
			name = Release;
		};
		9EFF7B3F2418CCA300A3A868 /* Debug */ = {
			isa = XCBuildConfiguration;
			buildSettings = {
				ASSETCATALOG_COMPILER_APPICON_NAME = AppIcon;
				CODE_SIGN_STYLE = Automatic;
				DEVELOPMENT_ASSET_PATHS = "\"Convenience/Preview Content\"";
				DEVELOPMENT_TEAM = R4632QA6C7;
				ENABLE_PREVIEWS = YES;
				INFOPLIST_FILE = Convenience/Info.plist;
				LD_RUNPATH_SEARCH_PATHS = (
					"$(inherited)",
					"@executable_path/Frameworks",
				);
				PRODUCT_BUNDLE_IDENTIFIER = com.ajioka.Convenience;
				PRODUCT_NAME = "$(TARGET_NAME)";
				SWIFT_VERSION = 5.0;
				TARGETED_DEVICE_FAMILY = "1,2";
			};
			name = Debug;
		};
		9EFF7B402418CCA300A3A868 /* Release */ = {
			isa = XCBuildConfiguration;
			buildSettings = {
				ASSETCATALOG_COMPILER_APPICON_NAME = AppIcon;
				CODE_SIGN_STYLE = Automatic;
				DEVELOPMENT_ASSET_PATHS = "\"Convenience/Preview Content\"";
				DEVELOPMENT_TEAM = R4632QA6C7;
				ENABLE_PREVIEWS = YES;
				INFOPLIST_FILE = Convenience/Info.plist;
				LD_RUNPATH_SEARCH_PATHS = (
					"$(inherited)",
					"@executable_path/Frameworks",
				);
				PRODUCT_BUNDLE_IDENTIFIER = com.ajioka.Convenience;
				PRODUCT_NAME = "$(TARGET_NAME)";
				SWIFT_VERSION = 5.0;
				TARGETED_DEVICE_FAMILY = "1,2";
			};
			name = Release;
		};
		9EFF7B422418CCA300A3A868 /* Debug */ = {
			isa = XCBuildConfiguration;
			buildSettings = {
				ALWAYS_EMBED_SWIFT_STANDARD_LIBRARIES = YES;
				BUNDLE_LOADER = "$(TEST_HOST)";
				CODE_SIGN_STYLE = Automatic;
				DEVELOPMENT_TEAM = R4632QA6C7;
				INFOPLIST_FILE = ConvenienceTests/Info.plist;
				IPHONEOS_DEPLOYMENT_TARGET = 13.2;
				LD_RUNPATH_SEARCH_PATHS = (
					"$(inherited)",
					"@executable_path/Frameworks",
					"@loader_path/Frameworks",
				);
				PRODUCT_BUNDLE_IDENTIFIER = com.ajioka.ConvenienceTests;
				PRODUCT_NAME = "$(TARGET_NAME)";
				SWIFT_VERSION = 5.0;
				TARGETED_DEVICE_FAMILY = "1,2";
				TEST_HOST = "$(BUILT_PRODUCTS_DIR)/Convenience.app/Convenience";
			};
			name = Debug;
		};
		9EFF7B432418CCA300A3A868 /* Release */ = {
			isa = XCBuildConfiguration;
			buildSettings = {
				ALWAYS_EMBED_SWIFT_STANDARD_LIBRARIES = YES;
				BUNDLE_LOADER = "$(TEST_HOST)";
				CODE_SIGN_STYLE = Automatic;
				DEVELOPMENT_TEAM = R4632QA6C7;
				INFOPLIST_FILE = ConvenienceTests/Info.plist;
				IPHONEOS_DEPLOYMENT_TARGET = 13.2;
				LD_RUNPATH_SEARCH_PATHS = (
					"$(inherited)",
					"@executable_path/Frameworks",
					"@loader_path/Frameworks",
				);
				PRODUCT_BUNDLE_IDENTIFIER = com.ajioka.ConvenienceTests;
				PRODUCT_NAME = "$(TARGET_NAME)";
				SWIFT_VERSION = 5.0;
				TARGETED_DEVICE_FAMILY = "1,2";
				TEST_HOST = "$(BUILT_PRODUCTS_DIR)/Convenience.app/Convenience";
			};
			name = Release;
		};
		9EFF7B452418CCA300A3A868 /* Debug */ = {
			isa = XCBuildConfiguration;
			buildSettings = {
				ALWAYS_EMBED_SWIFT_STANDARD_LIBRARIES = YES;
				CODE_SIGN_STYLE = Automatic;
				DEVELOPMENT_TEAM = R4632QA6C7;
				INFOPLIST_FILE = ConvenienceUITests/Info.plist;
				LD_RUNPATH_SEARCH_PATHS = (
					"$(inherited)",
					"@executable_path/Frameworks",
					"@loader_path/Frameworks",
				);
				PRODUCT_BUNDLE_IDENTIFIER = com.ajioka.ConvenienceUITests;
				PRODUCT_NAME = "$(TARGET_NAME)";
				SWIFT_VERSION = 5.0;
				TARGETED_DEVICE_FAMILY = "1,2";
				TEST_TARGET_NAME = Convenience;
			};
			name = Debug;
		};
		9EFF7B462418CCA300A3A868 /* Release */ = {
			isa = XCBuildConfiguration;
			buildSettings = {
				ALWAYS_EMBED_SWIFT_STANDARD_LIBRARIES = YES;
				CODE_SIGN_STYLE = Automatic;
				DEVELOPMENT_TEAM = R4632QA6C7;
				INFOPLIST_FILE = ConvenienceUITests/Info.plist;
				LD_RUNPATH_SEARCH_PATHS = (
					"$(inherited)",
					"@executable_path/Frameworks",
					"@loader_path/Frameworks",
				);
				PRODUCT_BUNDLE_IDENTIFIER = com.ajioka.ConvenienceUITests;
				PRODUCT_NAME = "$(TARGET_NAME)";
				SWIFT_VERSION = 5.0;
				TARGETED_DEVICE_FAMILY = "1,2";
				TEST_TARGET_NAME = Convenience;
			};
			name = Release;
		};
/* End XCBuildConfiguration section */

/* Begin XCConfigurationList section */
		9EFF7B0F2418CCA200A3A868 /* Build configuration list for PBXProject "Convenience" */ = {
			isa = XCConfigurationList;
			buildConfigurations = (
				9EFF7B3C2418CCA300A3A868 /* Debug */,
				9EFF7B3D2418CCA300A3A868 /* Release */,
			);
			defaultConfigurationIsVisible = 0;
			defaultConfigurationName = Release;
		};
		9EFF7B3E2418CCA300A3A868 /* Build configuration list for PBXNativeTarget "Convenience" */ = {
			isa = XCConfigurationList;
			buildConfigurations = (
				9EFF7B3F2418CCA300A3A868 /* Debug */,
				9EFF7B402418CCA300A3A868 /* Release */,
			);
			defaultConfigurationIsVisible = 0;
			defaultConfigurationName = Release;
		};
		9EFF7B412418CCA300A3A868 /* Build configuration list for PBXNativeTarget "ConvenienceTests" */ = {
			isa = XCConfigurationList;
			buildConfigurations = (
				9EFF7B422418CCA300A3A868 /* Debug */,
				9EFF7B432418CCA300A3A868 /* Release */,
			);
			defaultConfigurationIsVisible = 0;
			defaultConfigurationName = Release;
		};
		9EFF7B442418CCA300A3A868 /* Build configuration list for PBXNativeTarget "ConvenienceUITests" */ = {
			isa = XCConfigurationList;
			buildConfigurations = (
				9EFF7B452418CCA300A3A868 /* Debug */,
				9EFF7B462418CCA300A3A868 /* Release */,
			);
			defaultConfigurationIsVisible = 0;
			defaultConfigurationName = Release;
		};
/* End XCConfigurationList section */
	};
	rootObject = 9EFF7B0C2418CCA200A3A868 /* Project object */;
}
